
Microsoft Visual Studio Solution File, Format Version 12.00
# Visual Studio Version 16
VisualStudioVersion = 16.0.29728.190
MinimumVisualStudioVersion = 10.0.40219.1
Project("{FAE04EC0-301F-11D3-BF4B-00C04F79EFBC}") = "CalculatorSoap", "CalculatorSoap\CalculatorSoap.csproj", "{E3CB3145-B335-419D-8AF3-C1F49BAC67CE}"
EndProject
Project("{FAE04EC0-301F-11D3-BF4B-00C04F79EFBC}") = "CalculatorGUI", "CalculatorGUI\CalculatorGUI.csproj", "{D737611F-4812-45C9-B347-1ED6DB0EF62A}"
EndProject
Global
	GlobalSection(SolutionConfigurationPlatforms) = preSolution
		Debug|Any CPU = Debug|Any CPU
		Release|Any CPU = Release|Any CPU
	EndGlobalSection
	GlobalSection(ProjectConfigurationPlatforms) = postSolution
		{E3CB3145-B335-419D-8AF3-C1F49BAC67CE}.Debug|Any CPU.ActiveCfg = Debug|Any CPU
		{E3CB3145-B335-419D-8AF3-C1F49BAC67CE}.Debug|Any CPU.Build.0 = Debug|Any CPU
		{E3CB3145-B335-419D-8AF3-C1F49BAC67CE}.Release|Any CPU.ActiveCfg = Release|Any CPU
		{E3CB3145-B335-419D-8AF3-C1F49BAC67CE}.Release|Any CPU.Build.0 = Release|Any CPU
		{D737611F-4812-45C9-B347-1ED6DB0EF62A}.Debug|Any CPU.ActiveCfg = Debug|Any CPU
		{D737611F-4812-45C9-B347-1ED6DB0EF62A}.Debug|Any CPU.Build.0 = Debug|Any CPU
		{D737611F-4812-45C9-B347-1ED6DB0EF62A}.Release|Any CPU.ActiveCfg = Release|Any CPU
		{D737611F-4812-45C9-B347-1ED6DB0EF62A}.Release|Any CPU.Build.0 = Release|Any CPU
	EndGlobalSection
	GlobalSection(SolutionProperties) = preSolution
		HideSolutionNode = FALSE
	EndGlobalSection
	GlobalSection(ExtensibilityGlobals) = postSolution
		SolutionGuid = {72034E4B-EEDD-437C-B65C-0DF2628C200A}
	EndGlobalSection
EndGlobal
